
Microsoft Visual Studio Solution File, Format Version 12.00
# Visual Studio Version 17
VisualStudioVersion = 17.3.32825.248
MinimumVisualStudioVersion = 10.0.40219.1
Project("{9A19103F-16F7-4668-BE54-9A1E7A4F7556}") = "CreatorProject", "CreatorProject3.0\CreatorProject.csproj", "{51D14BE1-8B29-47EB-BDC5-D44739EB29C1}"
EndProject
Global
	GlobalSection(SolutionConfigurationPlatforms) = preSolution
		Debug|Any CPU = Debug|Any CPU
		Release|Any CPU = Release|Any CPU
	EndGlobalSection
	GlobalSection(ProjectConfigurationPlatforms) = postSolution
		{51D14BE1-8B29-47EB-BDC5-D44739EB29C1}.Debug|Any CPU.ActiveCfg = Debug|Any CPU
		{51D14BE1-8B29-47EB-BDC5-D44739EB29C1}.Debug|Any CPU.Build.0 = Debug|Any CPU
		{51D14BE1-8B29-47EB-BDC5-D44739EB29C1}.Release|Any CPU.ActiveCfg = Release|Any CPU
		{51D14BE1-8B29-47EB-BDC5-D44739EB29C1}.Release|Any CPU.Build.0 = Release|Any CPU
	EndGlobalSection
	GlobalSection(SolutionProperties) = preSolution
		HideSolutionNode = FALSE
	EndGlobalSection
	GlobalSection(ExtensibilityGlobals) = postSolution
		SolutionGuid = {0FFB3657-3D92-438D-BD1F-3E95D75DD857}
	EndGlobalSection
EndGlobal
